
Microsoft Visual Studio Solution File, Format Version 12.00
# Visual Studio 15
VisualStudioVersion = 15.0.26124.0
MinimumVisualStudioVersion = 15.0.26124.0
Project("{2150E333-8FDC-42A3-9474-1A3956D46DE8}") = "Services", "Services", "{2ACD837C-1322-4437-A53E-520604A7710B}"
EndProject
Project("{2150E333-8FDC-42A3-9474-1A3956D46DE8}") = "Catalogo", "Catalogo", "{4A9CA4D0-CFF7-4191-A9CD-F947D6DA636C}"
EndProject
Project("{FAE04EC0-301F-11D3-BF4B-00C04F79EFBC}") = "NerdStore.Catalogo.Domain", "Services\Catalogo\NerdStore.Catalogo.Domain\NerdStore.Catalogo.Domain.csproj", "{AC60AE88-8626-432D-8F5C-A8E2EBB8A8E7}"
EndProject
Project("{2150E333-8FDC-42A3-9474-1A3956D46DE8}") = "Core", "Core", "{58286FC7-8E47-4647-81E7-4C1CB2C1E1AB}"
EndProject
Project("{FAE04EC0-301F-11D3-BF4B-00C04F79EFBC}") = "NerdStore.Core", "Services\Core\NerdStore.Core\NerdStore.Core.csproj", "{08369352-B35F-4A6C-B147-C8F0995EE643}"
EndProject
Global
	GlobalSection(SolutionConfigurationPlatforms) = preSolution
		Debug|Any CPU = Debug|Any CPU
		Debug|x64 = Debug|x64
		Debug|x86 = Debug|x86
		Release|Any CPU = Release|Any CPU
		Release|x64 = Release|x64
		Release|x86 = Release|x86
	EndGlobalSection
	GlobalSection(SolutionProperties) = preSolution
		HideSolutionNode = FALSE
	EndGlobalSection
	GlobalSection(ProjectConfigurationPlatforms) = postSolution
		{AC60AE88-8626-432D-8F5C-A8E2EBB8A8E7}.Debug|Any CPU.ActiveCfg = Debug|Any CPU
		{AC60AE88-8626-432D-8F5C-A8E2EBB8A8E7}.Debug|Any CPU.Build.0 = Debug|Any CPU
		{AC60AE88-8626-432D-8F5C-A8E2EBB8A8E7}.Debug|x64.ActiveCfg = Debug|Any CPU
		{AC60AE88-8626-432D-8F5C-A8E2EBB8A8E7}.Debug|x64.Build.0 = Debug|Any CPU
		{AC60AE88-8626-432D-8F5C-A8E2EBB8A8E7}.Debug|x86.ActiveCfg = Debug|Any CPU
		{AC60AE88-8626-432D-8F5C-A8E2EBB8A8E7}.Debug|x86.Build.0 = Debug|Any CPU
		{AC60AE88-8626-432D-8F5C-A8E2EBB8A8E7}.Release|Any CPU.ActiveCfg = Release|Any CPU
		{AC60AE88-8626-432D-8F5C-A8E2EBB8A8E7}.Release|Any CPU.Build.0 = Release|Any CPU
		{AC60AE88-8626-432D-8F5C-A8E2EBB8A8E7}.Release|x64.ActiveCfg = Release|Any CPU
		{AC60AE88-8626-432D-8F5C-A8E2EBB8A8E7}.Release|x64.Build.0 = Release|Any CPU
		{AC60AE88-8626-432D-8F5C-A8E2EBB8A8E7}.Release|x86.ActiveCfg = Release|Any CPU
		{AC60AE88-8626-432D-8F5C-A8E2EBB8A8E7}.Release|x86.Build.0 = Release|Any CPU
		{08369352-B35F-4A6C-B147-C8F0995EE643}.Debug|Any CPU.ActiveCfg = Debug|Any CPU
		{08369352-B35F-4A6C-B147-C8F0995EE643}.Debug|Any CPU.Build.0 = Debug|Any CPU
		{08369352-B35F-4A6C-B147-C8F0995EE643}.Debug|x64.ActiveCfg = Debug|Any CPU
		{08369352-B35F-4A6C-B147-C8F0995EE643}.Debug|x64.Build.0 = Debug|Any CPU
		{08369352-B35F-4A6C-B147-C8F0995EE643}.Debug|x86.ActiveCfg = Debug|Any CPU
		{08369352-B35F-4A6C-B147-C8F0995EE643}.Debug|x86.Build.0 = Debug|Any CPU
		{08369352-B35F-4A6C-B147-C8F0995EE643}.Release|Any CPU.ActiveCfg = Release|Any CPU
		{08369352-B35F-4A6C-B147-C8F0995EE643}.Release|Any CPU.Build.0 = Release|Any CPU
		{08369352-B35F-4A6C-B147-C8F0995EE643}.Release|x64.ActiveCfg = Release|Any CPU
		{08369352-B35F-4A6C-B147-C8F0995EE643}.Release|x64.Build.0 = Release|Any CPU
		{08369352-B35F-4A6C-B147-C8F0995EE643}.Release|x86.ActiveCfg = Release|Any CPU
		{08369352-B35F-4A6C-B147-C8F0995EE643}.Release|x86.Build.0 = Release|Any CPU
	EndGlobalSection
	GlobalSection(NestedProjects) = preSolution
		{4A9CA4D0-CFF7-4191-A9CD-F947D6DA636C} = {2ACD837C-1322-4437-A53E-520604A7710B}
		{AC60AE88-8626-432D-8F5C-A8E2EBB8A8E7} = {4A9CA4D0-CFF7-4191-A9CD-F947D6DA636C}
		{58286FC7-8E47-4647-81E7-4C1CB2C1E1AB} = {2ACD837C-1322-4437-A53E-520604A7710B}
		{08369352-B35F-4A6C-B147-C8F0995EE643} = {58286FC7-8E47-4647-81E7-4C1CB2C1E1AB}
	EndGlobalSection
EndGlobal
