
Microsoft Visual Studio Solution File, Format Version 12.00
# Visual Studio Version 16
VisualStudioVersion = 16.0.809.1
MinimumVisualStudioVersion = 10.0.40219.1
Project("{2150E333-8FDC-42A3-9474-1A3956D46DE8}") = "Services", "Services", "{DD516838-8DD0-47D9-899B-EF2E5F5CB5F4}"
EndProject
Project("{2150E333-8FDC-42A3-9474-1A3956D46DE8}") = "WebApps", "WebApps", "{2050722C-74EF-4D2C-BA5C-BF7F933D2825}"
EndProject
Project("{2150E333-8FDC-42A3-9474-1A3956D46DE8}") = "Cadastros", "Cadastros", "{CAE5844A-F003-4079-8B51-915CBE0A8B53}"
EndProject
Project("{2150E333-8FDC-42A3-9474-1A3956D46DE8}") = "Catalogo", "Catalogo", "{80D9573C-3BFA-44BC-85EF-14F6D42687AE}"
EndProject
Project("{2150E333-8FDC-42A3-9474-1A3956D46DE8}") = "Core", "Core", "{B4550FBF-3CBA-4514-BA74-9FE992406675}"
EndProject
Project("{2150E333-8FDC-42A3-9474-1A3956D46DE8}") = "Fiscal", "Fiscal", "{E5BF0D37-5A65-459B-BDA3-E20F89AF9BB4}"
EndProject
Project("{2150E333-8FDC-42A3-9474-1A3956D46DE8}") = "Pagamentos", "Pagamentos", "{0B24EA06-2A06-432D-AC1E-3476426DF8F7}"
EndProject
Project("{2150E333-8FDC-42A3-9474-1A3956D46DE8}") = "Vendas", "Vendas", "{7194835C-5247-44E7-B8A8-6DBE26792C4A}"
EndProject
Project("{FAE04EC0-301F-11D3-BF4B-00C04F79EFBC}") = "NerdStore.Catalogo.Domain", "NerdStore.Catalogo.Domain\NerdStore.Catalogo.Domain.csproj", "{CA7B6594-B8AE-474C-8E4C-D67DDDF8385B}"
EndProject
Project("{FAE04EC0-301F-11D3-BF4B-00C04F79EFBC}") = "NerdStore.Core", "NerdStore.Core\NerdStore.Core.csproj", "{0742D240-0218-4072-98D9-0DA8662E700E}"
EndProject
Global
	GlobalSection(SolutionConfigurationPlatforms) = preSolution
		Debug|Any CPU = Debug|Any CPU
		Release|Any CPU = Release|Any CPU
	EndGlobalSection
	GlobalSection(ProjectConfigurationPlatforms) = postSolution
		{CA7B6594-B8AE-474C-8E4C-D67DDDF8385B}.Debug|Any CPU.ActiveCfg = Debug|Any CPU
		{CA7B6594-B8AE-474C-8E4C-D67DDDF8385B}.Debug|Any CPU.Build.0 = Debug|Any CPU
		{CA7B6594-B8AE-474C-8E4C-D67DDDF8385B}.Release|Any CPU.ActiveCfg = Release|Any CPU
		{CA7B6594-B8AE-474C-8E4C-D67DDDF8385B}.Release|Any CPU.Build.0 = Release|Any CPU
		{0742D240-0218-4072-98D9-0DA8662E700E}.Debug|Any CPU.ActiveCfg = Debug|Any CPU
		{0742D240-0218-4072-98D9-0DA8662E700E}.Debug|Any CPU.Build.0 = Debug|Any CPU
		{0742D240-0218-4072-98D9-0DA8662E700E}.Release|Any CPU.ActiveCfg = Release|Any CPU
		{0742D240-0218-4072-98D9-0DA8662E700E}.Release|Any CPU.Build.0 = Release|Any CPU
	EndGlobalSection
	GlobalSection(SolutionProperties) = preSolution
		HideSolutionNode = FALSE
	EndGlobalSection
	GlobalSection(ExtensibilityGlobals) = postSolution
		SolutionGuid = {4EA86FC8-4EE4-40D2-BBB5-E3B4948FA28D}
	EndGlobalSection
	GlobalSection(NestedProjects) = preSolution
		{CAE5844A-F003-4079-8B51-915CBE0A8B53} = {DD516838-8DD0-47D9-899B-EF2E5F5CB5F4}
		{80D9573C-3BFA-44BC-85EF-14F6D42687AE} = {DD516838-8DD0-47D9-899B-EF2E5F5CB5F4}
		{B4550FBF-3CBA-4514-BA74-9FE992406675} = {DD516838-8DD0-47D9-899B-EF2E5F5CB5F4}
		{E5BF0D37-5A65-459B-BDA3-E20F89AF9BB4} = {DD516838-8DD0-47D9-899B-EF2E5F5CB5F4}
		{0B24EA06-2A06-432D-AC1E-3476426DF8F7} = {DD516838-8DD0-47D9-899B-EF2E5F5CB5F4}
		{7194835C-5247-44E7-B8A8-6DBE26792C4A} = {DD516838-8DD0-47D9-899B-EF2E5F5CB5F4}
		{CA7B6594-B8AE-474C-8E4C-D67DDDF8385B} = {80D9573C-3BFA-44BC-85EF-14F6D42687AE}
		{0742D240-0218-4072-98D9-0DA8662E700E} = {B4550FBF-3CBA-4514-BA74-9FE992406675}
	EndGlobalSection
EndGlobal
